
Microsoft Visual Studio Solution File, Format Version 12.00
# Visual Studio 15
VisualStudioVersion = 15.0.26020.0
MinimumVisualStudioVersion = 10.0.40219.1
Project("{FAE04EC0-301F-11D3-BF4B-00C04F79EFBC}") = "AsheshOfRoses", "AsheshOfRoses\AsheshOfRoses.csproj", "{C2E567D8-4EBC-467D-8E03-7033E8A2AB8F}"
EndProject
Project("{FAE04EC0-301F-11D3-BF4B-00C04F79EFBC}") = "NMS", "NMS\NMS.csproj", "{0F6EAC4D-501B-4C55-B0B2-BED2B6B7B7C9}"
EndProject
Project("{FAE04EC0-301F-11D3-BF4B-00C04F79EFBC}") = "NaturesProphet", "NaturesProphet\NaturesProphet.csproj", "{BADA6837-F5D2-4F51-9965-4404BAABAD91}"
EndProject
Project("{FAE04EC0-301F-11D3-BF4B-00C04F79EFBC}") = "SecondNature", "SecondNature\SecondNature.csproj", "{D021C3F4-2BB7-4E6C-9C3D-400AB31EA91F}"
EndProject
Project("{FAE04EC0-301F-11D3-BF4B-00C04F79EFBC}") = "CubicsRube", "CubicsRube\CubicsRube.csproj", "{366A0EE4-E650-46F5-A337-70C45D10DCB4}"
EndProject
Project("{FAE04EC0-301F-11D3-BF4B-00C04F79EFBC}") = "CubicsMessage", "CubicsMessage\CubicsMessage.csproj", "{68C68CC8-2259-447E-9623-47826678B9ED}"
EndProject
Project("{FAE04EC0-301F-11D3-BF4B-00C04F79EFBC}") = "Artillery", "Artillery\Artillery.csproj", "{497F0EF8-A4D5-4DBB-92DA-0258E7FB7B41}"
EndProject
Project("{FAE04EC0-301F-11D3-BF4B-00C04F79EFBC}") = "CubicAssault", "CubicAssault\CubicAssault.csproj", "{45360CAF-233F-4068-9E4A-255ECCE564D0}"
EndProject
Project("{FAE04EC0-301F-11D3-BF4B-00C04F79EFBC}") = "WrongSolutionCubicAssault", "WrongSolutionCubicAssault\WrongSolutionCubicAssault.csproj", "{445CF951-237D-4D07-A09D-5E9ECF4E9875}"
EndProject
Global
	GlobalSection(SolutionConfigurationPlatforms) = preSolution
		Debug|Any CPU = Debug|Any CPU
		Release|Any CPU = Release|Any CPU
	EndGlobalSection
	GlobalSection(ProjectConfigurationPlatforms) = postSolution
		{C2E567D8-4EBC-467D-8E03-7033E8A2AB8F}.Debug|Any CPU.ActiveCfg = Debug|Any CPU
		{C2E567D8-4EBC-467D-8E03-7033E8A2AB8F}.Debug|Any CPU.Build.0 = Debug|Any CPU
		{C2E567D8-4EBC-467D-8E03-7033E8A2AB8F}.Release|Any CPU.ActiveCfg = Release|Any CPU
		{C2E567D8-4EBC-467D-8E03-7033E8A2AB8F}.Release|Any CPU.Build.0 = Release|Any CPU
		{0F6EAC4D-501B-4C55-B0B2-BED2B6B7B7C9}.Debug|Any CPU.ActiveCfg = Debug|Any CPU
		{0F6EAC4D-501B-4C55-B0B2-BED2B6B7B7C9}.Debug|Any CPU.Build.0 = Debug|Any CPU
		{0F6EAC4D-501B-4C55-B0B2-BED2B6B7B7C9}.Release|Any CPU.ActiveCfg = Release|Any CPU
		{0F6EAC4D-501B-4C55-B0B2-BED2B6B7B7C9}.Release|Any CPU.Build.0 = Release|Any CPU
		{BADA6837-F5D2-4F51-9965-4404BAABAD91}.Debug|Any CPU.ActiveCfg = Debug|Any CPU
		{BADA6837-F5D2-4F51-9965-4404BAABAD91}.Debug|Any CPU.Build.0 = Debug|Any CPU
		{BADA6837-F5D2-4F51-9965-4404BAABAD91}.Release|Any CPU.ActiveCfg = Release|Any CPU
		{BADA6837-F5D2-4F51-9965-4404BAABAD91}.Release|Any CPU.Build.0 = Release|Any CPU
		{D021C3F4-2BB7-4E6C-9C3D-400AB31EA91F}.Debug|Any CPU.ActiveCfg = Debug|Any CPU
		{D021C3F4-2BB7-4E6C-9C3D-400AB31EA91F}.Debug|Any CPU.Build.0 = Debug|Any CPU
		{D021C3F4-2BB7-4E6C-9C3D-400AB31EA91F}.Release|Any CPU.ActiveCfg = Release|Any CPU
		{D021C3F4-2BB7-4E6C-9C3D-400AB31EA91F}.Release|Any CPU.Build.0 = Release|Any CPU
		{366A0EE4-E650-46F5-A337-70C45D10DCB4}.Debug|Any CPU.ActiveCfg = Debug|Any CPU
		{366A0EE4-E650-46F5-A337-70C45D10DCB4}.Debug|Any CPU.Build.0 = Debug|Any CPU
		{366A0EE4-E650-46F5-A337-70C45D10DCB4}.Release|Any CPU.ActiveCfg = Release|Any CPU
		{366A0EE4-E650-46F5-A337-70C45D10DCB4}.Release|Any CPU.Build.0 = Release|Any CPU
		{68C68CC8-2259-447E-9623-47826678B9ED}.Debug|Any CPU.ActiveCfg = Debug|Any CPU
		{68C68CC8-2259-447E-9623-47826678B9ED}.Debug|Any CPU.Build.0 = Debug|Any CPU
		{68C68CC8-2259-447E-9623-47826678B9ED}.Release|Any CPU.ActiveCfg = Release|Any CPU
		{68C68CC8-2259-447E-9623-47826678B9ED}.Release|Any CPU.Build.0 = Release|Any CPU
		{497F0EF8-A4D5-4DBB-92DA-0258E7FB7B41}.Debug|Any CPU.ActiveCfg = Debug|Any CPU
		{497F0EF8-A4D5-4DBB-92DA-0258E7FB7B41}.Debug|Any CPU.Build.0 = Debug|Any CPU
		{497F0EF8-A4D5-4DBB-92DA-0258E7FB7B41}.Release|Any CPU.ActiveCfg = Release|Any CPU
		{497F0EF8-A4D5-4DBB-92DA-0258E7FB7B41}.Release|Any CPU.Build.0 = Release|Any CPU
		{45360CAF-233F-4068-9E4A-255ECCE564D0}.Debug|Any CPU.ActiveCfg = Debug|Any CPU
		{45360CAF-233F-4068-9E4A-255ECCE564D0}.Debug|Any CPU.Build.0 = Debug|Any CPU
		{45360CAF-233F-4068-9E4A-255ECCE564D0}.Release|Any CPU.ActiveCfg = Release|Any CPU
		{45360CAF-233F-4068-9E4A-255ECCE564D0}.Release|Any CPU.Build.0 = Release|Any CPU
		{445CF951-237D-4D07-A09D-5E9ECF4E9875}.Debug|Any CPU.ActiveCfg = Debug|Any CPU
		{445CF951-237D-4D07-A09D-5E9ECF4E9875}.Debug|Any CPU.Build.0 = Debug|Any CPU
		{445CF951-237D-4D07-A09D-5E9ECF4E9875}.Release|Any CPU.ActiveCfg = Release|Any CPU
		{445CF951-237D-4D07-A09D-5E9ECF4E9875}.Release|Any CPU.Build.0 = Release|Any CPU
	EndGlobalSection
	GlobalSection(SolutionProperties) = preSolution
		HideSolutionNode = FALSE
	EndGlobalSection
EndGlobal
