
Microsoft Visual Studio Solution File, Format Version 12.00
# Visual Studio 15
VisualStudioVersion = 15.0.26020.0
MinimumVisualStudioVersion = 10.0.40219.1
Project("{FAE04EC0-301F-11D3-BF4B-00C04F79EFBC}") = "AsheshOfRoses", "AsheshOfRoses\AsheshOfRoses.csproj", "{C2E567D8-4EBC-467D-8E03-7033E8A2AB8F}"
EndProject
Project("{FAE04EC0-301F-11D3-BF4B-00C04F79EFBC}") = "NMS", "NMS\NMS.csproj", "{0F6EAC4D-501B-4C55-B0B2-BED2B6B7B7C9}"
EndProject
Project("{FAE04EC0-301F-11D3-BF4B-00C04F79EFBC}") = "NaturesProphet", "NaturesProphet\NaturesProphet.csproj", "{BADA6837-F5D2-4F51-9965-4404BAABAD91}"
EndProject
Project("{FAE04EC0-301F-11D3-BF4B-00C04F79EFBC}") = "SecondNature", "SecondNature\SecondNature.csproj", "{D021C3F4-2BB7-4E6C-9C3D-400AB31EA91F}"
EndProject
Project("{FAE04EC0-301F-11D3-BF4B-00C04F79EFBC}") = "CubicsRube", "CubicsRube\CubicsRube.csproj", "{366A0EE4-E650-46F5-A337-70C45D10DCB4}"
EndProject
Project("{FAE04EC0-301F-11D3-BF4B-00C04F79EFBC}") = "CubicsMessage", "CubicsMessage\CubicsMessage.csproj", "{68C68CC8-2259-447E-9623-47826678B9ED}"
EndProject
Project("{FAE04EC0-301F-11D3-BF4B-00C04F79EFBC}") = "Artillery", "Artillery\Artillery.csproj", "{497F0EF8-A4D5-4DBB-92DA-0258E7FB7B41}"
EndProject
Project("{FAE04EC0-301F-11D3-BF4B-00C04F79EFBC}") = "CubicAssault", "CubicAssault\CubicAssault.csproj", "{45360CAF-233F-4068-9E4A-255ECCE564D0}"
EndProject
Project("{FAE04EC0-301F-11D3-BF4B-00C04F79EFBC}") = "WrongSolutionCubicAssault", "WrongSolutionCubicAssault\WrongSolutionCubicAssault.csproj", "{445CF951-237D-4D07-A09D-5E9ECF4E9875}"
EndProject
Project("{FAE04EC0-301F-11D3-BF4B-00C04F79EFBC}") = "JediMeditation", "JediMeditation\JediMeditation.csproj", "{7293CFE3-0DC5-4268-BA3E-09C0D7D23DF9}"
EndProject
Project("{FAE04EC0-301F-11D3-BF4B-00C04F79EFBC}") = "JediGalaxy", "JediGalaxy\JediGalaxy.csproj", "{49547665-48E8-4F10-980C-BBC2FBCCCC8C}"
EndProject
Project("{FAE04EC0-301F-11D3-BF4B-00C04F79EFBC}") = "JediCodeX", "JediCodeX\JediCodeX.csproj", "{E205ABD1-CE89-454E-91F0-E470FFD0BDD9}"
EndProject
Project("{FAE04EC0-301F-11D3-BF4B-00C04F79EFBC}") = "JediDreams", "JediDreams\JediDreams.csproj", "{980BDDDC-DE9D-48F1-AA91-79BAF36F8AD4}"
EndProject
Project("{FAE04EC0-301F-11D3-BF4B-00C04F79EFBC}") = "ArrangeIntegers", "ArrangeIntegers\ArrangeIntegers.csproj", "{ACFAD209-12D2-4B0B-BDE4-E40A812AE1C8}"
EndProject
Project("{FAE04EC0-301F-11D3-BF4B-00C04F79EFBC}") = "Monopoly", "Monopoly\Monopoly.csproj", "{A1B3595D-9155-4F1D-975F-D00FDC84E87E}"
EndProject
Project("{FAE04EC0-301F-11D3-BF4B-00C04F79EFBC}") = "BasicMarkupLanguage", "BasicMarkupLanguage\BasicMarkupLanguage.csproj", "{4A9BEDC3-9586-4C31-8200-2C7D7AA27E0A}"
EndProject
Project("{FAE04EC0-301F-11D3-BF4B-00C04F79EFBC}") = "ChampionLeague", "ChampionLeague\ChampionLeague.csproj", "{442B140C-9EDE-4108-AF8C-83A9D2FC5844}"
EndProject
Project("{FAE04EC0-301F-11D3-BF4B-00C04F79EFBC}") = "CollectResources", "CollectResources\CollectResources.csproj", "{EAB9B3DB-5A7D-4150-BC97-D26EF60D13F9}"
EndProject
Project("{FAE04EC0-301F-11D3-BF4B-00C04F79EFBC}") = "ParkingSystem", "ParkingSystem\ParkingSystem.csproj", "{5D6DE71A-37CD-413D-B468-BF4762DA2E67}"
EndProject
Project("{FAE04EC0-301F-11D3-BF4B-00C04F79EFBC}") = "SoftuniNumerals", "SoftuniNumerals\SoftuniNumerals.csproj", "{28085202-816B-41C6-9875-8B575DFF6CEC}"
EndProject
Project("{FAE04EC0-301F-11D3-BF4B-00C04F79EFBC}") = "Events", "Events\Events.csproj", "{8601DD31-2B90-48CA-9B72-05AD5B322C16}"
EndProject
Project("{FAE04EC0-301F-11D3-BF4B-00C04F79EFBC}") = "ArrayManipulator", "ArrayManipulator\ArrayManipulator.csproj", "{9E814C65-6BA5-47A2-B6A7-0C2F6E1AB278}"
EndProject
Project("{FAE04EC0-301F-11D3-BF4B-00C04F79EFBC}") = "RadioactiveMutantVampireBunnies", "RadioactiveMutantVampireBunnies\RadioactiveMutantVampireBunnies.csproj", "{878CD617-0ECC-4EFD-92F1-F3F2B08C138D}"
EndProject
Project("{FAE04EC0-301F-11D3-BF4B-00C04F79EFBC}") = "ShmoogleCounter", "ShmoogleCounter\ShmoogleCounter.csproj", "{963A3E4C-63FA-4964-9A28-2405D6E1899A}"
EndProject
Project("{FAE04EC0-301F-11D3-BF4B-00C04F79EFBC}") = "SrabskoUnleashed", "SrabskoUnleashed\SrabskoUnleashed.csproj", "{391680B2-EAC2-4139-803A-408AB880B9DE}"
EndProject
Project("{FAE04EC0-301F-11D3-BF4B-00C04F79EFBC}") = "BunkerBuster", "BunkerBuster\BunkerBuster.csproj", "{E580DF4E-A06E-42B8-A2FB-22A289CF1904}"
EndProject
Project("{FAE04EC0-301F-11D3-BF4B-00C04F79EFBC}") = "ArraySlider", "ArraySlider\ArraySlider.csproj", "{3A035BDD-6EA3-48D5-BAE0-578148E5C3CE}"
EndProject
Project("{FAE04EC0-301F-11D3-BF4B-00C04F79EFBC}") = "RageQuit", "RageQuit\RageQuit.csproj", "{0F7F54ED-86F0-4208-A214-22B7B2784F39}"
EndProject
Project("{FAE04EC0-301F-11D3-BF4B-00C04F79EFBC}") = "PopulationCounter", "PopulationCounter\PopulationCounter.csproj", "{4A5AEC97-D056-4DD5-B640-C185E8D533DE}"
EndProject
Project("{FAE04EC0-301F-11D3-BF4B-00C04F79EFBC}") = "CommandInterpreter", "CommandInterpreter\CommandInterpreter.csproj", "{25E56596-AAF8-4310-B833-AE139770CD9F}"
EndProject
Project("{FAE04EC0-301F-11D3-BF4B-00C04F79EFBC}") = "TargetPractice", "TargetPractice\TargetPractice.csproj", "{D8526B7D-3949-413C-9742-9547E28586E6}"
EndProject
Project("{FAE04EC0-301F-11D3-BF4B-00C04F79EFBC}") = "TextTransformer", "TextTransformer\TextTransformer.csproj", "{11CF0200-A1FE-426E-9D22-385B72722D70}"
EndProject
Project("{FAE04EC0-301F-11D3-BF4B-00C04F79EFBC}") = "OlympicsAreComing", "OlympicsAreComing\OlympicsAreComing.csproj", "{579B3B55-5008-4FC7-BBB1-8C4E7E051564}"
EndProject
Global
	GlobalSection(SolutionConfigurationPlatforms) = preSolution
		Debug|Any CPU = Debug|Any CPU
		Release|Any CPU = Release|Any CPU
	EndGlobalSection
	GlobalSection(ProjectConfigurationPlatforms) = postSolution
		{C2E567D8-4EBC-467D-8E03-7033E8A2AB8F}.Debug|Any CPU.ActiveCfg = Debug|Any CPU
		{C2E567D8-4EBC-467D-8E03-7033E8A2AB8F}.Debug|Any CPU.Build.0 = Debug|Any CPU
		{C2E567D8-4EBC-467D-8E03-7033E8A2AB8F}.Release|Any CPU.ActiveCfg = Release|Any CPU
		{C2E567D8-4EBC-467D-8E03-7033E8A2AB8F}.Release|Any CPU.Build.0 = Release|Any CPU
		{0F6EAC4D-501B-4C55-B0B2-BED2B6B7B7C9}.Debug|Any CPU.ActiveCfg = Debug|Any CPU
		{0F6EAC4D-501B-4C55-B0B2-BED2B6B7B7C9}.Debug|Any CPU.Build.0 = Debug|Any CPU
		{0F6EAC4D-501B-4C55-B0B2-BED2B6B7B7C9}.Release|Any CPU.ActiveCfg = Release|Any CPU
		{0F6EAC4D-501B-4C55-B0B2-BED2B6B7B7C9}.Release|Any CPU.Build.0 = Release|Any CPU
		{BADA6837-F5D2-4F51-9965-4404BAABAD91}.Debug|Any CPU.ActiveCfg = Debug|Any CPU
		{BADA6837-F5D2-4F51-9965-4404BAABAD91}.Debug|Any CPU.Build.0 = Debug|Any CPU
		{BADA6837-F5D2-4F51-9965-4404BAABAD91}.Release|Any CPU.ActiveCfg = Release|Any CPU
		{BADA6837-F5D2-4F51-9965-4404BAABAD91}.Release|Any CPU.Build.0 = Release|Any CPU
		{D021C3F4-2BB7-4E6C-9C3D-400AB31EA91F}.Debug|Any CPU.ActiveCfg = Debug|Any CPU
		{D021C3F4-2BB7-4E6C-9C3D-400AB31EA91F}.Debug|Any CPU.Build.0 = Debug|Any CPU
		{D021C3F4-2BB7-4E6C-9C3D-400AB31EA91F}.Release|Any CPU.ActiveCfg = Release|Any CPU
		{D021C3F4-2BB7-4E6C-9C3D-400AB31EA91F}.Release|Any CPU.Build.0 = Release|Any CPU
		{366A0EE4-E650-46F5-A337-70C45D10DCB4}.Debug|Any CPU.ActiveCfg = Debug|Any CPU
		{366A0EE4-E650-46F5-A337-70C45D10DCB4}.Debug|Any CPU.Build.0 = Debug|Any CPU
		{366A0EE4-E650-46F5-A337-70C45D10DCB4}.Release|Any CPU.ActiveCfg = Release|Any CPU
		{366A0EE4-E650-46F5-A337-70C45D10DCB4}.Release|Any CPU.Build.0 = Release|Any CPU
		{68C68CC8-2259-447E-9623-47826678B9ED}.Debug|Any CPU.ActiveCfg = Debug|Any CPU
		{68C68CC8-2259-447E-9623-47826678B9ED}.Debug|Any CPU.Build.0 = Debug|Any CPU
		{68C68CC8-2259-447E-9623-47826678B9ED}.Release|Any CPU.ActiveCfg = Release|Any CPU
		{68C68CC8-2259-447E-9623-47826678B9ED}.Release|Any CPU.Build.0 = Release|Any CPU
		{497F0EF8-A4D5-4DBB-92DA-0258E7FB7B41}.Debug|Any CPU.ActiveCfg = Debug|Any CPU
		{497F0EF8-A4D5-4DBB-92DA-0258E7FB7B41}.Debug|Any CPU.Build.0 = Debug|Any CPU
		{497F0EF8-A4D5-4DBB-92DA-0258E7FB7B41}.Release|Any CPU.ActiveCfg = Release|Any CPU
		{497F0EF8-A4D5-4DBB-92DA-0258E7FB7B41}.Release|Any CPU.Build.0 = Release|Any CPU
		{45360CAF-233F-4068-9E4A-255ECCE564D0}.Debug|Any CPU.ActiveCfg = Debug|Any CPU
		{45360CAF-233F-4068-9E4A-255ECCE564D0}.Debug|Any CPU.Build.0 = Debug|Any CPU
		{45360CAF-233F-4068-9E4A-255ECCE564D0}.Release|Any CPU.ActiveCfg = Release|Any CPU
		{45360CAF-233F-4068-9E4A-255ECCE564D0}.Release|Any CPU.Build.0 = Release|Any CPU
		{445CF951-237D-4D07-A09D-5E9ECF4E9875}.Debug|Any CPU.ActiveCfg = Debug|Any CPU
		{445CF951-237D-4D07-A09D-5E9ECF4E9875}.Debug|Any CPU.Build.0 = Debug|Any CPU
		{445CF951-237D-4D07-A09D-5E9ECF4E9875}.Release|Any CPU.ActiveCfg = Release|Any CPU
		{445CF951-237D-4D07-A09D-5E9ECF4E9875}.Release|Any CPU.Build.0 = Release|Any CPU
		{7293CFE3-0DC5-4268-BA3E-09C0D7D23DF9}.Debug|Any CPU.ActiveCfg = Debug|Any CPU
		{7293CFE3-0DC5-4268-BA3E-09C0D7D23DF9}.Debug|Any CPU.Build.0 = Debug|Any CPU
		{7293CFE3-0DC5-4268-BA3E-09C0D7D23DF9}.Release|Any CPU.ActiveCfg = Release|Any CPU
		{7293CFE3-0DC5-4268-BA3E-09C0D7D23DF9}.Release|Any CPU.Build.0 = Release|Any CPU
		{49547665-48E8-4F10-980C-BBC2FBCCCC8C}.Debug|Any CPU.ActiveCfg = Debug|Any CPU
		{49547665-48E8-4F10-980C-BBC2FBCCCC8C}.Debug|Any CPU.Build.0 = Debug|Any CPU
		{49547665-48E8-4F10-980C-BBC2FBCCCC8C}.Release|Any CPU.ActiveCfg = Release|Any CPU
		{49547665-48E8-4F10-980C-BBC2FBCCCC8C}.Release|Any CPU.Build.0 = Release|Any CPU
		{E205ABD1-CE89-454E-91F0-E470FFD0BDD9}.Debug|Any CPU.ActiveCfg = Debug|Any CPU
		{E205ABD1-CE89-454E-91F0-E470FFD0BDD9}.Debug|Any CPU.Build.0 = Debug|Any CPU
		{E205ABD1-CE89-454E-91F0-E470FFD0BDD9}.Release|Any CPU.ActiveCfg = Release|Any CPU
		{E205ABD1-CE89-454E-91F0-E470FFD0BDD9}.Release|Any CPU.Build.0 = Release|Any CPU
		{980BDDDC-DE9D-48F1-AA91-79BAF36F8AD4}.Debug|Any CPU.ActiveCfg = Debug|Any CPU
		{980BDDDC-DE9D-48F1-AA91-79BAF36F8AD4}.Debug|Any CPU.Build.0 = Debug|Any CPU
		{980BDDDC-DE9D-48F1-AA91-79BAF36F8AD4}.Release|Any CPU.ActiveCfg = Release|Any CPU
		{980BDDDC-DE9D-48F1-AA91-79BAF36F8AD4}.Release|Any CPU.Build.0 = Release|Any CPU
		{ACFAD209-12D2-4B0B-BDE4-E40A812AE1C8}.Debug|Any CPU.ActiveCfg = Debug|Any CPU
		{ACFAD209-12D2-4B0B-BDE4-E40A812AE1C8}.Debug|Any CPU.Build.0 = Debug|Any CPU
		{ACFAD209-12D2-4B0B-BDE4-E40A812AE1C8}.Release|Any CPU.ActiveCfg = Release|Any CPU
		{ACFAD209-12D2-4B0B-BDE4-E40A812AE1C8}.Release|Any CPU.Build.0 = Release|Any CPU
		{A1B3595D-9155-4F1D-975F-D00FDC84E87E}.Debug|Any CPU.ActiveCfg = Debug|Any CPU
		{A1B3595D-9155-4F1D-975F-D00FDC84E87E}.Debug|Any CPU.Build.0 = Debug|Any CPU
		{A1B3595D-9155-4F1D-975F-D00FDC84E87E}.Release|Any CPU.ActiveCfg = Release|Any CPU
		{A1B3595D-9155-4F1D-975F-D00FDC84E87E}.Release|Any CPU.Build.0 = Release|Any CPU
		{4A9BEDC3-9586-4C31-8200-2C7D7AA27E0A}.Debug|Any CPU.ActiveCfg = Debug|Any CPU
		{4A9BEDC3-9586-4C31-8200-2C7D7AA27E0A}.Debug|Any CPU.Build.0 = Debug|Any CPU
		{4A9BEDC3-9586-4C31-8200-2C7D7AA27E0A}.Release|Any CPU.ActiveCfg = Release|Any CPU
		{4A9BEDC3-9586-4C31-8200-2C7D7AA27E0A}.Release|Any CPU.Build.0 = Release|Any CPU
		{442B140C-9EDE-4108-AF8C-83A9D2FC5844}.Debug|Any CPU.ActiveCfg = Debug|Any CPU
		{442B140C-9EDE-4108-AF8C-83A9D2FC5844}.Debug|Any CPU.Build.0 = Debug|Any CPU
		{442B140C-9EDE-4108-AF8C-83A9D2FC5844}.Release|Any CPU.ActiveCfg = Release|Any CPU
		{442B140C-9EDE-4108-AF8C-83A9D2FC5844}.Release|Any CPU.Build.0 = Release|Any CPU
		{EAB9B3DB-5A7D-4150-BC97-D26EF60D13F9}.Debug|Any CPU.ActiveCfg = Debug|Any CPU
		{EAB9B3DB-5A7D-4150-BC97-D26EF60D13F9}.Debug|Any CPU.Build.0 = Debug|Any CPU
		{EAB9B3DB-5A7D-4150-BC97-D26EF60D13F9}.Release|Any CPU.ActiveCfg = Release|Any CPU
		{EAB9B3DB-5A7D-4150-BC97-D26EF60D13F9}.Release|Any CPU.Build.0 = Release|Any CPU
		{5D6DE71A-37CD-413D-B468-BF4762DA2E67}.Debug|Any CPU.ActiveCfg = Debug|Any CPU
		{5D6DE71A-37CD-413D-B468-BF4762DA2E67}.Debug|Any CPU.Build.0 = Debug|Any CPU
		{5D6DE71A-37CD-413D-B468-BF4762DA2E67}.Release|Any CPU.ActiveCfg = Release|Any CPU
		{5D6DE71A-37CD-413D-B468-BF4762DA2E67}.Release|Any CPU.Build.0 = Release|Any CPU
		{28085202-816B-41C6-9875-8B575DFF6CEC}.Debug|Any CPU.ActiveCfg = Debug|Any CPU
		{28085202-816B-41C6-9875-8B575DFF6CEC}.Debug|Any CPU.Build.0 = Debug|Any CPU
		{28085202-816B-41C6-9875-8B575DFF6CEC}.Release|Any CPU.ActiveCfg = Release|Any CPU
		{28085202-816B-41C6-9875-8B575DFF6CEC}.Release|Any CPU.Build.0 = Release|Any CPU
		{8601DD31-2B90-48CA-9B72-05AD5B322C16}.Debug|Any CPU.ActiveCfg = Debug|Any CPU
		{8601DD31-2B90-48CA-9B72-05AD5B322C16}.Debug|Any CPU.Build.0 = Debug|Any CPU
		{8601DD31-2B90-48CA-9B72-05AD5B322C16}.Release|Any CPU.ActiveCfg = Release|Any CPU
		{8601DD31-2B90-48CA-9B72-05AD5B322C16}.Release|Any CPU.Build.0 = Release|Any CPU
		{9E814C65-6BA5-47A2-B6A7-0C2F6E1AB278}.Debug|Any CPU.ActiveCfg = Debug|Any CPU
		{9E814C65-6BA5-47A2-B6A7-0C2F6E1AB278}.Debug|Any CPU.Build.0 = Debug|Any CPU
		{9E814C65-6BA5-47A2-B6A7-0C2F6E1AB278}.Release|Any CPU.ActiveCfg = Release|Any CPU
		{9E814C65-6BA5-47A2-B6A7-0C2F6E1AB278}.Release|Any CPU.Build.0 = Release|Any CPU
		{878CD617-0ECC-4EFD-92F1-F3F2B08C138D}.Debug|Any CPU.ActiveCfg = Debug|Any CPU
		{878CD617-0ECC-4EFD-92F1-F3F2B08C138D}.Debug|Any CPU.Build.0 = Debug|Any CPU
		{878CD617-0ECC-4EFD-92F1-F3F2B08C138D}.Release|Any CPU.ActiveCfg = Release|Any CPU
		{878CD617-0ECC-4EFD-92F1-F3F2B08C138D}.Release|Any CPU.Build.0 = Release|Any CPU
		{963A3E4C-63FA-4964-9A28-2405D6E1899A}.Debug|Any CPU.ActiveCfg = Debug|Any CPU
		{963A3E4C-63FA-4964-9A28-2405D6E1899A}.Debug|Any CPU.Build.0 = Debug|Any CPU
		{963A3E4C-63FA-4964-9A28-2405D6E1899A}.Release|Any CPU.ActiveCfg = Release|Any CPU
		{963A3E4C-63FA-4964-9A28-2405D6E1899A}.Release|Any CPU.Build.0 = Release|Any CPU
		{391680B2-EAC2-4139-803A-408AB880B9DE}.Debug|Any CPU.ActiveCfg = Debug|Any CPU
		{391680B2-EAC2-4139-803A-408AB880B9DE}.Debug|Any CPU.Build.0 = Debug|Any CPU
		{391680B2-EAC2-4139-803A-408AB880B9DE}.Release|Any CPU.ActiveCfg = Release|Any CPU
		{391680B2-EAC2-4139-803A-408AB880B9DE}.Release|Any CPU.Build.0 = Release|Any CPU
		{E580DF4E-A06E-42B8-A2FB-22A289CF1904}.Debug|Any CPU.ActiveCfg = Debug|Any CPU
		{E580DF4E-A06E-42B8-A2FB-22A289CF1904}.Debug|Any CPU.Build.0 = Debug|Any CPU
		{E580DF4E-A06E-42B8-A2FB-22A289CF1904}.Release|Any CPU.ActiveCfg = Release|Any CPU
		{E580DF4E-A06E-42B8-A2FB-22A289CF1904}.Release|Any CPU.Build.0 = Release|Any CPU
		{3A035BDD-6EA3-48D5-BAE0-578148E5C3CE}.Debug|Any CPU.ActiveCfg = Debug|Any CPU
		{3A035BDD-6EA3-48D5-BAE0-578148E5C3CE}.Debug|Any CPU.Build.0 = Debug|Any CPU
		{3A035BDD-6EA3-48D5-BAE0-578148E5C3CE}.Release|Any CPU.ActiveCfg = Release|Any CPU
		{3A035BDD-6EA3-48D5-BAE0-578148E5C3CE}.Release|Any CPU.Build.0 = Release|Any CPU
		{0F7F54ED-86F0-4208-A214-22B7B2784F39}.Debug|Any CPU.ActiveCfg = Debug|Any CPU
		{0F7F54ED-86F0-4208-A214-22B7B2784F39}.Debug|Any CPU.Build.0 = Debug|Any CPU
		{0F7F54ED-86F0-4208-A214-22B7B2784F39}.Release|Any CPU.ActiveCfg = Release|Any CPU
		{0F7F54ED-86F0-4208-A214-22B7B2784F39}.Release|Any CPU.Build.0 = Release|Any CPU
		{4A5AEC97-D056-4DD5-B640-C185E8D533DE}.Debug|Any CPU.ActiveCfg = Debug|Any CPU
		{4A5AEC97-D056-4DD5-B640-C185E8D533DE}.Debug|Any CPU.Build.0 = Debug|Any CPU
		{4A5AEC97-D056-4DD5-B640-C185E8D533DE}.Release|Any CPU.ActiveCfg = Release|Any CPU
		{4A5AEC97-D056-4DD5-B640-C185E8D533DE}.Release|Any CPU.Build.0 = Release|Any CPU
		{25E56596-AAF8-4310-B833-AE139770CD9F}.Debug|Any CPU.ActiveCfg = Debug|Any CPU
		{25E56596-AAF8-4310-B833-AE139770CD9F}.Debug|Any CPU.Build.0 = Debug|Any CPU
		{25E56596-AAF8-4310-B833-AE139770CD9F}.Release|Any CPU.ActiveCfg = Release|Any CPU
		{25E56596-AAF8-4310-B833-AE139770CD9F}.Release|Any CPU.Build.0 = Release|Any CPU
		{D8526B7D-3949-413C-9742-9547E28586E6}.Debug|Any CPU.ActiveCfg = Debug|Any CPU
		{D8526B7D-3949-413C-9742-9547E28586E6}.Debug|Any CPU.Build.0 = Debug|Any CPU
		{D8526B7D-3949-413C-9742-9547E28586E6}.Release|Any CPU.ActiveCfg = Release|Any CPU
		{D8526B7D-3949-413C-9742-9547E28586E6}.Release|Any CPU.Build.0 = Release|Any CPU
		{11CF0200-A1FE-426E-9D22-385B72722D70}.Debug|Any CPU.ActiveCfg = Debug|Any CPU
		{11CF0200-A1FE-426E-9D22-385B72722D70}.Debug|Any CPU.Build.0 = Debug|Any CPU
		{11CF0200-A1FE-426E-9D22-385B72722D70}.Release|Any CPU.ActiveCfg = Release|Any CPU
		{11CF0200-A1FE-426E-9D22-385B72722D70}.Release|Any CPU.Build.0 = Release|Any CPU
		{579B3B55-5008-4FC7-BBB1-8C4E7E051564}.Debug|Any CPU.ActiveCfg = Debug|Any CPU
		{579B3B55-5008-4FC7-BBB1-8C4E7E051564}.Debug|Any CPU.Build.0 = Debug|Any CPU
		{579B3B55-5008-4FC7-BBB1-8C4E7E051564}.Release|Any CPU.ActiveCfg = Release|Any CPU
		{579B3B55-5008-4FC7-BBB1-8C4E7E051564}.Release|Any CPU.Build.0 = Release|Any CPU
	EndGlobalSection
	GlobalSection(SolutionProperties) = preSolution
		HideSolutionNode = FALSE
	EndGlobalSection
EndGlobal
